
Microsoft Visual Studio Solution File, Format Version 12.00
# Visual Studio Version 17
VisualStudioVersion = 17.0.31314.256
MinimumVisualStudioVersion = 10.0.40219.1
Project("{2150E333-8FDC-42A3-9474-1A3956D46DE8}") = "Engine", "Engine", "{233774A8-CC9D-3FA9-86D1-90573E92B704}"
EndProject
Project("{2150E333-8FDC-42A3-9474-1A3956D46DE8}") = "Games", "Games", "{DE1F8B53-6C02-3C13-9101-A7C8D96F3FF6}"
EndProject
Project("{8BC9CEB8-8B4A-11D0-8D11-00A0C91BC942}") = "xUnreal5", "Intermediate\ProjectFiles\xUnreal5.vcxproj", "{1C5C8B24-DC40-307C-A493-3DE076304EAA}"
EndProject
Project("{8BC9CEB8-8B4A-11D0-8D11-00A0C91BC942}") = "UE5", "Intermediate\ProjectFiles\UE5.vcxproj", "{E93AE576-09A0-3DD8-A18A-33A65F8CC3DF}"
EndProject
Project("{2150E333-8FDC-42A3-9474-1A3956D46DE8}") = "Visualizers", "Visualizers", "{1CCEC849-CC72-4C59-8C36-2F7C38706D4C}"
	ProjectSection(SolutionItems) = preProject
		E:\Unreal\UE_5.0\Engine\Extras\VisualStudioDebugging\Unreal.natvis = E:\Unreal\UE_5.0\Engine\Extras\VisualStudioDebugging\Unreal.natvis
	EndProjectSection
EndProject
Global
	GlobalSection(SolutionConfigurationPlatforms) = preSolution
		DebugGame Editor|Android = DebugGame Editor|Android
		DebugGame Editor|Win64 = DebugGame Editor|Win64
		DebugGame|Android = DebugGame|Android
		DebugGame|Win64 = DebugGame|Win64
		Development Editor|Android = Development Editor|Android
		Development Editor|Win64 = Development Editor|Win64
		Development|Android = Development|Android
		Development|Win64 = Development|Win64
		Shipping|Android = Shipping|Android
		Shipping|Win64 = Shipping|Win64
	EndGlobalSection
	# UnrealVS Section
	GlobalSection(ddbf523f-7eb6-4887-bd51-85a714ff87eb) = preSolution
		AvailablePlatforms=Win64;Android
	EndGlobalSection
	GlobalSection(ProjectConfigurationPlatforms) = postSolution
		{1C5C8B24-DC40-307C-A493-3DE076304EAA}.DebugGame Editor|Android.ActiveCfg = Invalid|x64
		{1C5C8B24-DC40-307C-A493-3DE076304EAA}.DebugGame Editor|Win64.ActiveCfg = DebugGame_Editor|x64
		{1C5C8B24-DC40-307C-A493-3DE076304EAA}.DebugGame Editor|Win64.Build.0 = DebugGame_Editor|x64
		{1C5C8B24-DC40-307C-A493-3DE076304EAA}.DebugGame|Android.ActiveCfg = Android_DebugGame|Win64
		{1C5C8B24-DC40-307C-A493-3DE076304EAA}.DebugGame|Android.Build.0 = Android_DebugGame|Win64
		{1C5C8B24-DC40-307C-A493-3DE076304EAA}.DebugGame|Win64.ActiveCfg = DebugGame|x64
		{1C5C8B24-DC40-307C-A493-3DE076304EAA}.DebugGame|Win64.Build.0 = DebugGame|x64
		{1C5C8B24-DC40-307C-A493-3DE076304EAA}.Development Editor|Android.ActiveCfg = Invalid|x64
		{1C5C8B24-DC40-307C-A493-3DE076304EAA}.Development Editor|Win64.ActiveCfg = Development_Editor|x64
		{1C5C8B24-DC40-307C-A493-3DE076304EAA}.Development Editor|Win64.Build.0 = Development_Editor|x64
		{1C5C8B24-DC40-307C-A493-3DE076304EAA}.Development|Android.ActiveCfg = Android_Development|Win64
		{1C5C8B24-DC40-307C-A493-3DE076304EAA}.Development|Android.Build.0 = Android_Development|Win64
		{1C5C8B24-DC40-307C-A493-3DE076304EAA}.Development|Win64.ActiveCfg = Development|x64
		{1C5C8B24-DC40-307C-A493-3DE076304EAA}.Development|Win64.Build.0 = Development|x64
		{1C5C8B24-DC40-307C-A493-3DE076304EAA}.Shipping|Android.ActiveCfg = Android_Shipping|Win64
		{1C5C8B24-DC40-307C-A493-3DE076304EAA}.Shipping|Android.Build.0 = Android_Shipping|Win64
		{1C5C8B24-DC40-307C-A493-3DE076304EAA}.Shipping|Win64.ActiveCfg = Shipping|x64
		{1C5C8B24-DC40-307C-A493-3DE076304EAA}.Shipping|Win64.Build.0 = Shipping|x64
		{E93AE576-09A0-3DD8-A18A-33A65F8CC3DF}.DebugGame Editor|Android.ActiveCfg = BuiltWithUnrealBuildTool|Win64
		{E93AE576-09A0-3DD8-A18A-33A65F8CC3DF}.DebugGame Editor|Win64.ActiveCfg = BuiltWithUnrealBuildTool|Win64
		{E93AE576-09A0-3DD8-A18A-33A65F8CC3DF}.DebugGame|Android.ActiveCfg = BuiltWithUnrealBuildTool|Win64
		{E93AE576-09A0-3DD8-A18A-33A65F8CC3DF}.DebugGame|Win64.ActiveCfg = BuiltWithUnrealBuildTool|Win64
		{E93AE576-09A0-3DD8-A18A-33A65F8CC3DF}.Development Editor|Android.ActiveCfg = BuiltWithUnrealBuildTool|Win64
		{E93AE576-09A0-3DD8-A18A-33A65F8CC3DF}.Development Editor|Win64.ActiveCfg = BuiltWithUnrealBuildTool|Win64
		{E93AE576-09A0-3DD8-A18A-33A65F8CC3DF}.Development|Android.ActiveCfg = BuiltWithUnrealBuildTool|Win64
		{E93AE576-09A0-3DD8-A18A-33A65F8CC3DF}.Development|Win64.ActiveCfg = BuiltWithUnrealBuildTool|Win64
		{E93AE576-09A0-3DD8-A18A-33A65F8CC3DF}.Shipping|Android.ActiveCfg = BuiltWithUnrealBuildTool|Win64
		{E93AE576-09A0-3DD8-A18A-33A65F8CC3DF}.Shipping|Win64.ActiveCfg = BuiltWithUnrealBuildTool|Win64
	EndGlobalSection
	GlobalSection(SolutionProperties) = preSolution
		HideSolutionNode = FALSE
	EndGlobalSection
	GlobalSection(NestedProjects) = preSolution
		{E93AE576-09A0-3DD8-A18A-33A65F8CC3DF} = {233774A8-CC9D-3FA9-86D1-90573E92B704}
		{1C5C8B24-DC40-307C-A493-3DE076304EAA} = {DE1F8B53-6C02-3C13-9101-A7C8D96F3FF6}
	EndGlobalSection
EndGlobal
